<?xml version="1.0" encoding="utf-8"?>
<Project ToolsVersion="4.0" xmlns="http://schemas.microsoft.com/developer/msbuild/2003">
  <ItemGroup>
    <ClCompile Include="Systems\Keyboard.cpp">
      <Filter>Systems</Filter>
    </ClCompile>
    <ClCompile Include="stdafx.cpp" />
    <ClCompile Include="Renders\Shader.cpp">
      <Filter>Renders</Filter>
    </ClCompile>
    <ClCompile Include="Utilities\BinaryFile.cpp">
      <Filter>Utilities</Filter>
    </ClCompile>
    <ClCompile Include="Utilities\Math.cpp">
      <Filter>Utilities</Filter>
    </ClCompile>
    <ClCompile Include="Utilities\Path.cpp">
      <Filter>Utilities</Filter>
    </ClCompile>
    <ClCompile Include="Utilities\String.cpp">
      <Filter>Utilities</Filter>
    </ClCompile>
    <ClCompile Include="Utilities\Xml.cpp">
      <Filter>Utilities</Filter>
    </ClCompile>
    <ClCompile Include="Renders\Rect.cpp">
      <Filter>Renders</Filter>
    </ClCompile>
    <ClCompile Include="Systems\Time.cpp">
      <Filter>Systems</Filter>
    </ClCompile>
    <ClCompile Include="Renders\Sprite.cpp">
      <Filter>Renders</Filter>
    </ClCompile>
    <ClCompile Include="Objects\Background.cpp">
      <Filter>Objects</Filter>
    </ClCompile>
    <ClCompile Include="Renders\Clip.cpp">
      <Filter>Renders</Filter>
    </ClCompile>
    <ClCompile Include="Renders\Animation.cpp">
      <Filter>Renders</Filter>
    </ClCompile>
    <ClCompile Include="Objects\Player.cpp">
      <Filter>Objects</Filter>
    </ClCompile>
    <ClCompile Include="Viewer\Camera.cpp">
      <Filter>Viewer</Filter>
    </ClCompile>
    <ClCompile Include="Viewer\Freedom.cpp">
      <Filter>Viewer</Filter>
    </ClCompile>
    <ClCompile Include="Viewer\Following.cpp">
      <Filter>Viewer</Filter>
    </ClCompile>
    <ClCompile Include="Systems\Device.cpp">
      <Filter>Systems</Filter>
    </ClCompile>
    <ClCompile Include="Systems\DirectWrite.cpp">
      <Filter>Systems</Filter>
    </ClCompile>
    <ClCompile Include="Program.cpp" />
    <ClCompile Include="Systems\CMouse.cpp">
      <Filter>Systems</Filter>
    </ClCompile>
    <ClCompile Include="Objects\Marker.cpp">
      <Filter>Objects</Filter>
    </ClCompile>
    <ClCompile Include="Scenes\PlayStage.cpp">
      <Filter>Scenes</Filter>
    </ClCompile>
    <ClCompile Include="BackgroundObjects\Bridge.cpp">
      <Filter>BackgroundObjects</Filter>
    </ClCompile>
    <ClCompile Include="BackgroundObjects\Car.cpp">
      <Filter>BackgroundObjects</Filter>
    </ClCompile>
    <ClCompile Include="BackgroundObjects\BackgroundObject.cpp">
      <Filter>BackgroundObjects</Filter>
    </ClCompile>
    <ClCompile Include="BackgroundObjects\BigBridge.cpp">
      <Filter>BackgroundObjects</Filter>
    </ClCompile>
    <ClCompile Include="BackgroundObjects\Truck.cpp">
      <Filter>BackgroundObjects</Filter>
    </ClCompile>
    <ClCompile Include="BackgroundObjects\NormalCar.cpp">
      <Filter>BackgroundObjects</Filter>
    </ClCompile>
    <ClCompile Include="BackgroundObjects\PartiableBridge.cpp">
      <Filter>BackgroundObjects</Filter>
    </ClCompile>
    <ClCompile Include="BackgroundObjects\StreetLamp.cpp">
      <Filter>BackgroundObjects</Filter>
    </ClCompile>
    <ClCompile Include="Objects\Line.cpp">
      <Filter>Objects</Filter>
    </ClCompile>
    <ClCompile Include="Objects\Bullet.cpp">
      <Filter>Objects</Filter>
    </ClCompile>
    <ClCompile Include="BackgroundObjects\SmallPartiableBridge.cpp">
      <Filter>BackgroundObjects</Filter>
    </ClCompile>
    <ClCompile Include="Objects\Level1Bullet.cpp">
      <Filter>Objects</Filter>
    </ClCompile>
    <ClCompile Include="Objects\Level2Bullet.cpp">
      <Filter>Objects</Filter>
    </ClCompile>
    <ClCompile Include="Objects\Level3Bullet.cpp">
      <Filter>Objects</Filter>
    </ClCompile>
    <ClCompile Include="Effects\Effect.cpp">
      <Filter>Effects</Filter>
    </ClCompile>
    <ClCompile Include="Effects\ChargingEffect.cpp">
      <Filter>Effects</Filter>
    </ClCompile>
    <ClCompile Include="Effects\SparkEffect.cpp">
      <Filter>Effects</Filter>
    </ClCompile>
    <ClCompile Include="Interfaces\HealthLevel.cpp">
      <Filter>Interfaces</Filter>
    </ClCompile>
    <ClCompile Include="Interfaces\Interface.cpp">
      <Filter>Interfaces</Filter>
    </ClCompile>
    <ClCompile Include="Enemies\Enemy.cpp">
      <Filter>Enemies</Filter>
    </ClCompile>
    <ClCompile Include="Enemies\SpinEnemy.cpp">
      <Filter>Enemies</Filter>
    </ClCompile>
    <ClCompile Include="Effects\CrashEffect.cpp">
      <Filter>Effects</Filter>
    </ClCompile>
    <ClCompile Include="Enemies\MissileEnemy.cpp">
      <Filter>Enemies</Filter>
    </ClCompile>
    <ClCompile Include="Weapons\Weapon.cpp">
      <Filter>Weapons</Filter>
    </ClCompile>
    <ClCompile Include="Weapons\Missile.cpp">
      <Filter>Weapons</Filter>
    </ClCompile>
    <ClCompile Include="Effects\FlyingDustEffect.cpp">
      <Filter>Effects</Filter>
    </ClCompile>
    <ClCompile Include="Enemies\LandMineEnemy.cpp">
      <Filter>Enemies</Filter>
    </ClCompile>
    <ClCompile Include="Weapons\LandMine.cpp">
      <Filter>Weapons</Filter>
    </ClCompile>
    <ClCompile Include="Effects\MakingHoleEffect.cpp">
      <Filter>Effects</Filter>
    </ClCompile>
    <ClCompile Include="Enemies\BeeEnemy.cpp">
      <Filter>Enemies</Filter>
    </ClCompile>
    <ClCompile Include="Enemies\SuicideBombEnemy.cpp">
      <Filter>Enemies</Filter>
    </ClCompile>
    <ClCompile Include="Enemies\CarEnemy.cpp">
      <Filter>Enemies</Filter>
    </ClCompile>
    <ClCompile Include="Enemies\SubBossEnemy.cpp">
      <Filter>Enemies</Filter>
    </ClCompile>
    <ClCompile Include="Effects\DustEffect.cpp">
      <Filter>Effects</Filter>
    </ClCompile>
    <ClCompile Include="Enemies\SubBossPawn.cpp">
      <Filter>Enemies</Filter>
    </ClCompile>
    <ClCompile Include="BackgroundObjects\BrokenPartiableBridge.cpp">
      <Filter>BackgroundObjects</Filter>
    </ClCompile>
    <ClCompile Include="Enemies\BossEnemy.cpp">
      <Filter>Enemies</Filter>
    </ClCompile>
    <ClCompile Include="Objects\BossEnemyBullet.cpp">
      <Filter>Objects</Filter>
    </ClCompile>
  </ItemGroup>
  <ItemGroup>
    <ClInclude Include="Systems\Keyboard.h">
      <Filter>Systems</Filter>
    </ClInclude>
    <ClInclude Include="stdafx.h" />
    <ClInclude Include="Renders\Shader.h">
      <Filter>Renders</Filter>
    </ClInclude>
    <ClInclude Include="Utilities\BinaryFile.h">
      <Filter>Utilities</Filter>
    </ClInclude>
    <ClInclude Include="Utilities\Math.h">
      <Filter>Utilities</Filter>
    </ClInclude>
    <ClInclude Include="Utilities\Path.h">
      <Filter>Utilities</Filter>
    </ClInclude>
    <ClInclude Include="Utilities\String.h">
      <Filter>Utilities</Filter>
    </ClInclude>
    <ClInclude Include="Utilities\Xml.h">
      <Filter>Utilities</Filter>
    </ClInclude>
    <ClInclude Include="Renders\Rect.h">
      <Filter>Renders</Filter>
    </ClInclude>
    <ClInclude Include="Systems\Time.h">
      <Filter>Systems</Filter>
    </ClInclude>
    <ClInclude Include="Renders\Sprite.h">
      <Filter>Renders</Filter>
    </ClInclude>
    <ClInclude Include="Objects\Background.h">
      <Filter>Objects</Filter>
    </ClInclude>
    <ClInclude Include="Renders\Clip.h">
      <Filter>Renders</Filter>
    </ClInclude>
    <ClInclude Include="Renders\Animation.h">
      <Filter>Renders</Filter>
    </ClInclude>
    <ClInclude Include="Objects\Player.h">
      <Filter>Objects</Filter>
    </ClInclude>
    <ClInclude Include="Viewer\Camera.h">
      <Filter>Viewer</Filter>
    </ClInclude>
    <ClInclude Include="Viewer\Freedom.h">
      <Filter>Viewer</Filter>
    </ClInclude>
    <ClInclude Include="Viewer\IFollowing.h">
      <Filter>Viewer</Filter>
    </ClInclude>
    <ClInclude Include="Viewer\Following.h">
      <Filter>Viewer</Filter>
    </ClInclude>
    <ClInclude Include="Systems\Device.h">
      <Filter>Systems</Filter>
    </ClInclude>
    <ClInclude Include="Systems\DirectWrite.h">
      <Filter>Systems</Filter>
    </ClInclude>
    <ClInclude Include="Scenes\Scene.h">
      <Filter>Scenes</Filter>
    </ClInclude>
    <ClInclude Include="Systems\CMouse.h">
      <Filter>Systems</Filter>
    </ClInclude>
    <ClInclude Include="Objects\Marker.h">
      <Filter>Objects</Filter>
    </ClInclude>
    <ClInclude Include="Scenes\PlayStage.h">
      <Filter>Scenes</Filter>
    </ClInclude>
    <ClInclude Include="BackgroundObjects\Bridge.h">
      <Filter>BackgroundObjects</Filter>
    </ClInclude>
    <ClInclude Include="BackgroundObjects\Car.h">
      <Filter>BackgroundObjects</Filter>
    </ClInclude>
    <ClInclude Include="BackgroundObjects\BackgroundObject.h">
      <Filter>BackgroundObjects</Filter>
    </ClInclude>
    <ClInclude Include="BackgroundObjects\BigBridge.h">
      <Filter>BackgroundObjects</Filter>
    </ClInclude>
    <ClInclude Include="BackgroundObjects\Truck.h">
      <Filter>BackgroundObjects</Filter>
    </ClInclude>
    <ClInclude Include="BackgroundObjects\NormalCar.h">
      <Filter>BackgroundObjects</Filter>
    </ClInclude>
    <ClInclude Include="BackgroundObjects\PartiableBridge.h">
      <Filter>BackgroundObjects</Filter>
    </ClInclude>
    <ClInclude Include="BackgroundObjects\StreetLamp.h">
      <Filter>BackgroundObjects</Filter>
    </ClInclude>
    <ClInclude Include="Objects\Line.h">
      <Filter>Objects</Filter>
    </ClInclude>
    <ClInclude Include="Objects\Bullet.h">
      <Filter>Objects</Filter>
    </ClInclude>
    <ClInclude Include="BackgroundObjects\SmallPartiableBridge.h">
      <Filter>BackgroundObjects</Filter>
    </ClInclude>
    <ClInclude Include="Objects\Level1Bullet.h">
      <Filter>Objects</Filter>
    </ClInclude>
    <ClInclude Include="Objects\Level2Bullet.h">
      <Filter>Objects</Filter>
    </ClInclude>
    <ClInclude Include="Objects\Level3Bullet.h">
      <Filter>Objects</Filter>
    </ClInclude>
    <ClInclude Include="Effects\Effect.h">
      <Filter>Effects</Filter>
    </ClInclude>
    <ClInclude Include="Effects\ChargingEffect.h">
      <Filter>Effects</Filter>
    </ClInclude>
    <ClInclude Include="Effects\SparkEffect.h">
      <Filter>Effects</Filter>
    </ClInclude>
    <ClInclude Include="Interfaces\HealthLevel.h">
      <Filter>Interfaces</Filter>
    </ClInclude>
    <ClInclude Include="Interfaces\Interface.h">
      <Filter>Interfaces</Filter>
    </ClInclude>
    <ClInclude Include="Enemies\Enemy.h">
      <Filter>Enemies</Filter>
    </ClInclude>
    <ClInclude Include="Enemies\SpinEnemy.h">
      <Filter>Enemies</Filter>
    </ClInclude>
    <ClInclude Include="Effects\CrashEffect.h">
      <Filter>Effects</Filter>
    </ClInclude>
    <ClInclude Include="Enemies\MissileEnemy.h">
      <Filter>Enemies</Filter>
    </ClInclude>
    <ClInclude Include="Weapons\Weapon.h">
      <Filter>Weapons</Filter>
    </ClInclude>
    <ClInclude Include="Weapons\Missile.h">
      <Filter>Weapons</Filter>
    </ClInclude>
    <ClInclude Include="Effects\FlyingDustEffect.h">
      <Filter>Effects</Filter>
    </ClInclude>
    <ClInclude Include="Enemies\LandMineEnemy.h">
      <Filter>Enemies</Filter>
    </ClInclude>
    <ClInclude Include="Weapons\LandMine.h">
      <Filter>Weapons</Filter>
    </ClInclude>
    <ClInclude Include="Effects\MakingHoleEffect.h">
      <Filter>Effects</Filter>
    </ClInclude>
    <ClInclude Include="Enemies\BeeEnemy.h">
      <Filter>Enemies</Filter>
    </ClInclude>
    <ClInclude Include="Enemies\SuicideBombEnemy.h">
      <Filter>Enemies</Filter>
    </ClInclude>
    <ClInclude Include="Enemies\CarEnemy.h">
      <Filter>Enemies</Filter>
    </ClInclude>
    <ClInclude Include="Enemies\SubBossEnemy.h">
      <Filter>Enemies</Filter>
    </ClInclude>
    <ClInclude Include="Effects\DustEffect.h">
      <Filter>Effects</Filter>
    </ClInclude>
    <ClInclude Include="Enemies\SubBossPawn.h">
      <Filter>Enemies</Filter>
    </ClInclude>
    <ClInclude Include="BackgroundObjects\BrokenPartiableBridge.h">
      <Filter>BackgroundObjects</Filter>
    </ClInclude>
    <ClInclude Include="Enemies\BossEnemy.h">
      <Filter>Enemies</Filter>
    </ClInclude>
    <ClInclude Include="Objects\BossEnemyBullet.h">
      <Filter>Objects</Filter>
    </ClInclude>
  </ItemGroup>
  <ItemGroup>
    <Filter Include="Systems">
      <UniqueIdentifier>{6c3b4c59-73b4-455c-b513-63c9d5cf87b2}</UniqueIdentifier>
    </Filter>
    <Filter Include="Renders">
      <UniqueIdentifier>{776e50c7-171e-446a-8451-82d53b417fb7}</UniqueIdentifier>
    </Filter>
    <Filter Include="Utilities">
      <UniqueIdentifier>{e900bcdf-9d98-4520-8566-9f9699520aad}</UniqueIdentifier>
    </Filter>
    <Filter Include="Objects">
      <UniqueIdentifier>{d55ce57d-c3c1-4f85-a6ea-34ca30d2f5ea}</UniqueIdentifier>
    </Filter>
    <Filter Include="Viewer">
      <UniqueIdentifier>{be819007-d095-4693-a206-428ab1cf922e}</UniqueIdentifier>
    </Filter>
    <Filter Include="Scenes">
      <UniqueIdentifier>{4e1d1288-b20e-4686-b880-980c7295eb2d}</UniqueIdentifier>
    </Filter>
    <Filter Include="BackgroundObjects">
      <UniqueIdentifier>{d3037810-321c-4610-a6c6-2e4d8666a66b}</UniqueIdentifier>
    </Filter>
    <Filter Include="Effects">
      <UniqueIdentifier>{ece2177b-7511-41a2-a2ad-b4ce45ac2eea}</UniqueIdentifier>
    </Filter>
    <Filter Include="Interfaces">
      <UniqueIdentifier>{bf594f28-a5c3-40eb-99c3-ff088f8bf42d}</UniqueIdentifier>
    </Filter>
    <Filter Include="Enemies">
      <UniqueIdentifier>{112efbda-c662-4765-bf0f-d194dea5795f}</UniqueIdentifier>
    </Filter>
    <Filter Include="Weapons">
      <UniqueIdentifier>{fb7a5673-123c-4c28-ba92-bbed6cb45638}</UniqueIdentifier>
    </Filter>
  </ItemGroup>
</Project>